
Microsoft Visual Studio Solution File, Format Version 12.00
# Visual Studio Version 16
VisualStudioVersion = 16.0.30320.27
MinimumVisualStudioVersion = 10.0.40219.1
Project("{FAE04EC0-301F-11D3-BF4B-00C04F79EFBC}") = "TestEnvKeyVault", "TestEnvKeyVault.csproj", "{921DE57E-206C-442D-A999-7106062343A3}"
EndProject
Global
	GlobalSection(SolutionConfigurationPlatforms) = preSolution
		Debug|Any CPU = Debug|Any CPU
		Release|Any CPU = Release|Any CPU
	EndGlobalSection
	GlobalSection(ProjectConfigurationPlatforms) = postSolution
		{921DE57E-206C-442D-A999-7106062343A3}.Debug|Any CPU.ActiveCfg = Debug|Any CPU
		{921DE57E-206C-442D-A999-7106062343A3}.Debug|Any CPU.Build.0 = Debug|Any CPU
		{921DE57E-206C-442D-A999-7106062343A3}.Release|Any CPU.ActiveCfg = Release|Any CPU
		{921DE57E-206C-442D-A999-7106062343A3}.Release|Any CPU.Build.0 = Release|Any CPU
	EndGlobalSection
	GlobalSection(SolutionProperties) = preSolution
		HideSolutionNode = FALSE
	EndGlobalSection
	GlobalSection(ExtensibilityGlobals) = postSolution
		SolutionGuid = {C2F59BB1-23D7-4268-BDE7-97F13925EF84}
	EndGlobalSection
EndGlobal
